{
  "version": 4,
  "terraform_version": "1.10.5",
  "serial": 16,
  "lineage": "a74c2672-0602-ae68-3554-98f3cf667eac",
  "outputs": {
    "vpc_all_param": {
      "value": {
        "arn": "arn:aws:ec2:us-east-1:213833969848:vpc/vpc-06d3fb76af7dada29",
        "assign_generated_ipv6_cidr_block": false,
        "cidr_block": "10.2.0.0/16",
        "default_network_acl_id": "acl-059ca87a6b427fd24",
        "default_route_table_id": "rtb-04aa9c1b5d1130de2",
        "default_security_group_id": "sg-034740a4085238fee",
        "dhcp_options_id": "dopt-0a27abc5b55c5cd9f",
        "enable_dns_hostnames": true,
        "enable_dns_support": false,
        "enable_network_address_usage_metrics": true,
        "id": "vpc-06d3fb76af7dada29",
        "instance_tenancy": "default",
        "ipv4_ipam_pool_id": null,
        "ipv4_netmask_length": null,
        "ipv6_association_id": "",
        "ipv6_cidr_block": "",
        "ipv6_cidr_block_network_border_group": "",
        "ipv6_ipam_pool_id": "",
        "ipv6_netmask_length": 0,
        "main_route_table_id": "rtb-04aa9c1b5d1130de2",
        "owner_id": "213833969848",
        "tags": {
          "Environment": "PROD",
          "Name": "PROD_VPC"
        },
        "tags_all": {
          "Environment": "PROD",
          "Name": "PROD_VPC"
        }
      },
      "type": [
        "object",
        {
          "arn": "string",
          "assign_generated_ipv6_cidr_block": "bool",
          "cidr_block": "string",
          "default_network_acl_id": "string",
          "default_route_table_id": "string",
          "default_security_group_id": "string",
          "dhcp_options_id": "string",
          "enable_dns_hostnames": "bool",
          "enable_dns_support": "bool",
          "enable_network_address_usage_metrics": "bool",
          "id": "string",
          "instance_tenancy": "string",
          "ipv4_ipam_pool_id": "string",
          "ipv4_netmask_length": "number",
          "ipv6_association_id": "string",
          "ipv6_cidr_block": "string",
          "ipv6_cidr_block_network_border_group": "string",
          "ipv6_ipam_pool_id": "string",
          "ipv6_netmask_length": "number",
          "main_route_table_id": "string",
          "owner_id": "string",
          "tags": [
            "map",
            "string"
          ],
          "tags_all": [
            "map",
            "string"
          ]
        }
      ]
    },
    "vpc_cidr_block_range": {
      "value": "10.2.0.0/16",
      "type": "string",
      "sensitive": true
    }
  },
  "resources": [
    {
      "module": "module.vpc_creation",
      "mode": "managed",
      "type": "aws_vpc",
      "name": "vpc_new",
      "provider": "provider[\"registry.terraform.io/hashicorp/aws\"]",
      "instances": [
        {
          "schema_version": 1,
          "attributes": {
            "arn": "arn:aws:ec2:us-east-1:213833969848:vpc/vpc-06d3fb76af7dada29",
            "assign_generated_ipv6_cidr_block": false,
            "cidr_block": "10.2.0.0/16",
            "default_network_acl_id": "acl-059ca87a6b427fd24",
            "default_route_table_id": "rtb-04aa9c1b5d1130de2",
            "default_security_group_id": "sg-034740a4085238fee",
            "dhcp_options_id": "dopt-0a27abc5b55c5cd9f",
            "enable_dns_hostnames": true,
            "enable_dns_support": false,
            "enable_network_address_usage_metrics": true,
            "id": "vpc-06d3fb76af7dada29",
            "instance_tenancy": "default",
            "ipv4_ipam_pool_id": null,
            "ipv4_netmask_length": null,
            "ipv6_association_id": "",
            "ipv6_cidr_block": "",
            "ipv6_cidr_block_network_border_group": "",
            "ipv6_ipam_pool_id": "",
            "ipv6_netmask_length": 0,
            "main_route_table_id": "rtb-04aa9c1b5d1130de2",
            "owner_id": "213833969848",
            "tags": {
              "Environment": "PROD",
              "Name": "PROD_VPC"
            },
            "tags_all": {
              "Environment": "PROD",
              "Name": "PROD_VPC"
            }
          },
          "sensitive_attributes": [],
          "private": "eyJzY2hlbWFfdmVyc2lvbiI6IjEifQ=="
        }
      ]
    }
  ],
  "check_results": [
    {
      "object_kind": "var",
      "config_addr": "module.vpc_creation.var.vpc_enable_dns_hostnames",
      "status": "pass",
      "objects": [
        {
          "object_addr": "module.vpc_creation.var.vpc_enable_dns_hostnames",
          "status": "pass"
        }
      ]
    },
    {
      "object_kind": "var",
      "config_addr": "module.vpc_creation.var.vpc_env_tag",
      "status": "pass",
      "objects": [
        {
          "object_addr": "module.vpc_creation.var.vpc_env_tag",
          "status": "pass"
        }
      ]
    },
    {
      "object_kind": "var",
      "config_addr": "module.vpc_creation.var.vpc_cidr_block",
      "status": "pass",
      "objects": [
        {
          "object_addr": "module.vpc_creation.var.vpc_cidr_block",
          "status": "pass"
        }
      ]
    },
    {
      "object_kind": "var",
      "config_addr": "module.vpc_creation.var.vpc_instance_tenancy",
      "status": "pass",
      "objects": [
        {
          "object_addr": "module.vpc_creation.var.vpc_instance_tenancy",
          "status": "pass"
        }
      ]
    },
    {
      "object_kind": "var",
      "config_addr": "module.vpc_creation.var.vpc_enable_dns_support",
      "status": "pass",
      "objects": [
        {
          "object_addr": "module.vpc_creation.var.vpc_enable_dns_support",
          "status": "pass"
        }
      ]
    },
    {
      "object_kind": "var",
      "config_addr": "module.vpc_creation.var.vpc_enable_network_address_usage_metrics",
      "status": "pass",
      "objects": [
        {
          "object_addr": "module.vpc_creation.var.vpc_enable_network_address_usage_metrics",
          "status": "pass"
        }
      ]
    }
  ]
}
